
Microsoft Visual Studio Solution File, Format Version 12.00
# Visual Studio Version 17
VisualStudioVersion = 17.2.32616.157
MinimumVisualStudioVersion = 10.0.40219.1
Project("{FAE04EC0-301F-11D3-BF4B-00C04F79EFBC}") = "Windows Darkmemer Farmer", "Windows Darkmemer Farmer\Windows Darkmemer Farmer.csproj", "{158D34CE-B445-453E-9449-678222A57990}"
EndProject
Global
	GlobalSection(SolutionConfigurationPlatforms) = preSolution
		Debug|Any CPU = Debug|Any CPU
		Release|Any CPU = Release|Any CPU
	EndGlobalSection
	GlobalSection(ProjectConfigurationPlatforms) = postSolution
		{158D34CE-B445-453E-9449-678222A57990}.Debug|Any CPU.ActiveCfg = Debug|Any CPU
		{158D34CE-B445-453E-9449-678222A57990}.Debug|Any CPU.Build.0 = Debug|Any CPU
		{158D34CE-B445-453E-9449-678222A57990}.Release|Any CPU.ActiveCfg = Release|Any CPU
		{158D34CE-B445-453E-9449-678222A57990}.Release|Any CPU.Build.0 = Release|Any CPU
	EndGlobalSection
	GlobalSection(SolutionProperties) = preSolution
		HideSolutionNode = FALSE
	EndGlobalSection
	GlobalSection(ExtensibilityGlobals) = postSolution
		SolutionGuid = {76F03426-7C5C-4AF7-B6D5-209C6A1107F6}
	EndGlobalSection
EndGlobal
